// !$*UTF8*$!
{
	archiveVersion = 1;
	classes = {
	};
	objectVersion = 56;
	objects = {

/* Begin PBXBuildFile section */
		09B2DD3929B8FEDE00C831B2 /* SessionTraceViewerApp.swift in Sources */ = {isa = PBXBuildFile; fileRef = 09B2DD3829B8FEDE00C831B2 /* SessionTraceViewerApp.swift */; };
		09B2DD3D29B8FEDF00C831B2 /* Assets.xcassets in Resources */ = {isa = PBXBuildFile; fileRef = 09B2DD3C29B8FEDF00C831B2 /* Assets.xcassets */; };
		09B2DD4029B8FEDF00C831B2 /* Preview Assets.xcassets in Resources */ = {isa = PBXBuildFile; fileRef = 09B2DD3F29B8FEDF00C831B2 /* Preview Assets.xcassets */; };
		09B2DD4B29B8FEDF00C831B2 /* SessionTraceViewerTests.swift in Sources */ = {isa = PBXBuildFile; fileRef = 09B2DD4A29B8FEDF00C831B2 /* SessionTraceViewerTests.swift */; };
		09B2DD5529B8FEDF00C831B2 /* SessionTraceViewerUITests.swift in Sources */ = {isa = PBXBuildFile; fileRef = 09B2DD5429B8FEDF00C831B2 /* SessionTraceViewerUITests.swift */; };
		09B2DD5729B8FEDF00C831B2 /* SessionTraceViewerUITestsLaunchTests.swift in Sources */ = {isa = PBXBuildFile; fileRef = 09B2DD5629B8FEDF00C831B2 /* SessionTraceViewerUITestsLaunchTests.swift */; };
		09B2DD6529B8FF4400C831B2 /* ReducerArchitecture in Frameworks */ = {isa = PBXBuildFile; productRef = 09B2DD6429B8FF4400C831B2 /* ReducerArchitecture */; };
		09B2DD6829B8FFA100C831B2 /* EventInspectorFormatting.swift in Sources */ = {isa = PBXBuildFile; fileRef = 09B2DD6729B8FFA100C831B2 /* EventInspectorFormatting.swift */; };
		09B2DD6A29B8FFAB00C831B2 /* EventInspectorUI.swift in Sources */ = {isa = PBXBuildFile; fileRef = 09B2DD6929B8FFAB00C831B2 /* EventInspectorUI.swift */; };
		09B2DD7229B99A3300C831B2 /* TimelineEventRow.swift in Sources */ = {isa = PBXBuildFile; fileRef = 09B2DD7129B99A3300C831B2 /* TimelineEventRow.swift */; };
		09B2DD7829B99E8900C831B2 /* TraceViewer.swift in Sources */ = {isa = PBXBuildFile; fileRef = 09B2DD7729B99E8900C831B2 /* TraceViewer.swift */; };
		09B2DD7A29B99E9400C831B2 /* TraceViewerUI.swift in Sources */ = {isa = PBXBuildFile; fileRef = 09B2DD7929B99E9400C831B2 /* TraceViewerUI.swift */; };
		A1B2C3012E00000100C831B2 /* TraceViewerList.swift in Sources */ = {isa = PBXBuildFile; fileRef = A1B2C3112E00001100C831B2 /* TraceViewerList.swift */; };
		A1B2C3022E00000200C831B2 /* TraceViewerListUI.swift in Sources */ = {isa = PBXBuildFile; fileRef = A1B2C3122E00001200C831B2 /* TraceViewerListUI.swift */; };
		A1B2C3032E00000300C831B2 /* TraceViewerGraph.swift in Sources */ = {isa = PBXBuildFile; fileRef = A1B2C3132E00001300C831B2 /* TraceViewerGraph.swift */; };
		A1B2C3042E00000400C831B2 /* TraceViewerGraphUI.swift in Sources */ = {isa = PBXBuildFile; fileRef = A1B2C3142E00001400C831B2 /* TraceViewerGraphUI.swift */; };
		A1B2C3052E00000500C831B2 /* TraceViewerDetails.swift in Sources */ = {isa = PBXBuildFile; fileRef = A1B2C3152E00001500C831B2 /* TraceViewerDetails.swift */; };
		A1B2C3062E00000600C831B2 /* TraceViewerDetailsUI.swift in Sources */ = {isa = PBXBuildFile; fileRef = A1B2C3162E00001600C831B2 /* TraceViewerDetailsUI.swift */; };
		A1B2C3072E00000700C831B2 /* TraceViewerGraphState.swift in Sources */ = {isa = PBXBuildFile; fileRef = A1B2C3172E00001700C831B2 /* TraceViewerGraphState.swift */; };
		A1B2C3082E00000800C831B2 /* TraceViewerTimelineData.swift in Sources */ = {isa = PBXBuildFile; fileRef = A1B2C3182E00001800C831B2 /* TraceViewerTimelineData.swift */; };
		A1B2C3092E00000900C831B2 /* TraceViewerState.swift in Sources */ = {isa = PBXBuildFile; fileRef = A1B2C3192E00001900C831B2 /* TraceViewerState.swift */; };
		09B2DD7E29BA167E00C831B2 /* ViewEnvironment.swift in Sources */ = {isa = PBXBuildFile; fileRef = 09B2DD7D29BA167E00C831B2 /* ViewEnvironment.swift */; };
		09B2DD8F29BB946800C831B2 /* TraceSessionDocument.swift in Sources */ = {isa = PBXBuildFile; fileRef = 09B2DD8E29BB946800C831B2 /* TraceSessionDocument.swift */; };
		09B2DD9529BB98C200C831B2 /* TraceSessionDocumentUI.swift in Sources */ = {isa = PBXBuildFile; fileRef = 09B2DD9429BB98C200C831B2 /* TraceSessionDocumentUI.swift */; };
		09DAC36329C215E400448FCC /* ChordDiagramEditor.lzma in Resources */ = {isa = PBXBuildFile; fileRef = 09DAC36229C215E400448FCC /* ChordDiagramEditor.lzma */; };
		09F0A0012A00000100C831B2 /* TimelineEventRowCard.swift in Sources */ = {isa = PBXBuildFile; fileRef = 09F0A0002A00000100C831B2 /* TimelineEventRowCard.swift */; };
		09F0A0032A00000300C831B2 /* StringDiff.swift in Sources */ = {isa = PBXBuildFile; fileRef = 09F0A0022A00000300C831B2 /* StringDiff.swift */; };
		09F0A0052A00000500C831B2 /* StringDiffUI.swift in Sources */ = {isa = PBXBuildFile; fileRef = 09F0A0042A00000500C831B2 /* StringDiffUI.swift */; };
		09F0A00B2A00000B00C831B2 /* StringDiffEnv.swift in Sources */ = {isa = PBXBuildFile; fileRef = 09F0A00A2A00000A00C831B2 /* StringDiffEnv.swift */; };
		09F0A0222A00002200C831B2 /* StringDiffWindowKeyboardShortcuts.swift in Sources */ = {isa = PBXBuildFile; fileRef = 09F0A0232A00002300C831B2 /* StringDiffWindowKeyboardShortcuts.swift */; };
		09F0A0242A00002400C831B2 /* StringDiffLineCell.swift in Sources */ = {isa = PBXBuildFile; fileRef = 09F0A0252A00002500C831B2 /* StringDiffLineCell.swift */; };
		09F0A0262A00002600C831B2 /* StringDiffSectionRows.swift in Sources */ = {isa = PBXBuildFile; fileRef = 09F0A0272A00002700C831B2 /* StringDiffSectionRows.swift */; };
		09F0A0282A00002800C831B2 /* StringDiffColumnHeader.swift in Sources */ = {isa = PBXBuildFile; fileRef = 09F0A0292A00002900C831B2 /* StringDiffColumnHeader.swift */; };
		09F0A02A2A00002A00C831B2 /* StringDiffInlineValueCard.swift in Sources */ = {isa = PBXBuildFile; fileRef = 09F0A02B2A00002B00C831B2 /* StringDiffInlineValueCard.swift */; };
		09F0A02C2A00002C00C831B2 /* StringDiffDocumentSection.swift in Sources */ = {isa = PBXBuildFile; fileRef = 09F0A02D2A00002D00C831B2 /* StringDiffDocumentSection.swift */; };
		09F0A02E2A00002E00C831B2 /* StringDiffLoadingView.swift in Sources */ = {isa = PBXBuildFile; fileRef = 09F0A02F2A00002F00C831B2 /* StringDiffLoadingView.swift */; };
		09F0A0302A00003000C831B2 /* StringDiffInlineLoadedView.swift in Sources */ = {isa = PBXBuildFile; fileRef = 09F0A0312A00003100C831B2 /* StringDiffInlineLoadedView.swift */; };
		09F0A0322A00003200C831B2 /* StringDiffWindowLoadedView.swift in Sources */ = {isa = PBXBuildFile; fileRef = 09F0A0332A00003300C831B2 /* StringDiffWindowLoadedView.swift */; };
		09F0A00C2A00000C00C831B2 /* SwiftUIEx in Frameworks */ = {isa = PBXBuildFile; productRef = 09F0A00D2A00000D00C831B2 /* SwiftUIEx */; };
		09F0A0102A00001000C831B2 /* LiveTraceServer.swift in Sources */ = {isa = PBXBuildFile; fileRef = 09F0A00F2A00000F00C831B2 /* LiveTraceServer.swift */; };
		09F0A0122A00001200C831B2 /* LiveTrace.swift in Sources */ = {isa = PBXBuildFile; fileRef = 09F0A0112A00001100C831B2 /* LiveTrace.swift */; };
		09F0A0152A00001500C831B2 /* LiveTraceUI.swift in Sources */ = {isa = PBXBuildFile; fileRef = 09F0A0142A00001400C831B2 /* LiveTraceUI.swift */; };
		09F0A0162A00001600C831B2 /* LiveTraceEnv.swift in Sources */ = {isa = PBXBuildFile; fileRef = 09F0A0172A00001700C831B2 /* LiveTraceEnv.swift */; };
			09F0A0502A00005000C831B2 /* EventInspector.swift in Sources */ = {isa = PBXBuildFile; fileRef = 09F0A0512A00005100C831B2 /* EventInspector.swift */; };
		09F0A0522A00005200C831B2 /* TraceViewerListState.swift in Sources */ = {isa = PBXBuildFile; fileRef = 09F0A0532A00005300C831B2 /* TraceViewerListState.swift */; };
			09F0A0402A00004000C831B2 /* SessionDescriptionView.swift in Sources */ = {isa = PBXBuildFile; fileRef = 09F0A0412A00004100C831B2 /* SessionDescriptionView.swift */; };
			09F0A0422A00004200C831B2 /* SessionRow.swift in Sources */ = {isa = PBXBuildFile; fileRef = 09F0A0432A00004300C831B2 /* SessionRow.swift */; };
			09F0A0442A00004400C831B2 /* SessionDetailView.swift in Sources */ = {isa = PBXBuildFile; fileRef = 09F0A0452A00004500C831B2 /* SessionDetailView.swift */; };
			38B27273F67B4AB9A88CE96F /* TraceViewerTimelineOverviewView.swift in Sources */ = {isa = PBXBuildFile; fileRef = 240E2B188079436C8901D552 /* TraceViewerTimelineOverviewView.swift */; };
			480C2706CADC44F1BCA9E59A /* TraceViewerScopeBarButton.swift in Sources */ = {isa = PBXBuildFile; fileRef = 7E8515D9DC874A5E8520F316 /* TraceViewerScopeBarButton.swift */; };
			60C5B4CE871D476F808EA512 /* EventInspectorEnv.swift in Sources */ = {isa = PBXBuildFile; fileRef = FF1AAA493489433D89CB8255 /* EventInspectorEnv.swift */; };
			8A27250B195947E8912A8BCA /* LiveTraceModelTests.swift in Sources */ = {isa = PBXBuildFile; fileRef = D9F86326AEEC43AD89263C80 /* LiveTraceModelTests.swift */; };
			A74A866E382B4998AA39E020 /* EventInspectorModelTests.swift in Sources */ = {isa = PBXBuildFile; fileRef = 31E3F6089DB444FEAA04BA3D /* EventInspectorModelTests.swift */; };
			EC47F91248584A4C95CAF3A7 /* StringDiffModelTests.swift in Sources */ = {isa = PBXBuildFile; fileRef = 245112380F7347928B5D3221 /* StringDiffModelTests.swift */; };
			19565E64902642DE8952D036 /* TraceViewerModelTests.swift in Sources */ = {isa = PBXBuildFile; fileRef = 4548177255E6400D92FEEDB8 /* TraceViewerModelTests.swift */; };
/* End PBXBuildFile section */

/* Begin PBXContainerItemProxy section */
		09B2DD4729B8FEDF00C831B2 /* PBXContainerItemProxy */ = {
			isa = PBXContainerItemProxy;
			containerPortal = 09B2DD2D29B8FEDE00C831B2 /* Project object */;
			proxyType = 1;
			remoteGlobalIDString = 09B2DD3429B8FEDE00C831B2;
			remoteInfo = SessionTraceViewer;
		};
		09B2DD5129B8FEDF00C831B2 /* PBXContainerItemProxy */ = {
			isa = PBXContainerItemProxy;
			containerPortal = 09B2DD2D29B8FEDE00C831B2 /* Project object */;
			proxyType = 1;
			remoteGlobalIDString = 09B2DD3429B8FEDE00C831B2;
			remoteInfo = SessionTraceViewer;
		};
/* End PBXContainerItemProxy section */

/* Begin PBXFileReference section */
		09B2DD3529B8FEDE00C831B2 /* SessionTraceViewer.app */ = {isa = PBXFileReference; explicitFileType = wrapper.application; includeInIndex = 0; path = SessionTraceViewer.app; sourceTree = BUILT_PRODUCTS_DIR; };
		09B2DD3829B8FEDE00C831B2 /* SessionTraceViewerApp.swift */ = {isa = PBXFileReference; lastKnownFileType = sourcecode.swift; path = SessionTraceViewerApp.swift; sourceTree = "<group>"; };
		09B2DD3C29B8FEDF00C831B2 /* Assets.xcassets */ = {isa = PBXFileReference; lastKnownFileType = folder.assetcatalog; path = Assets.xcassets; sourceTree = "<group>"; };
		09B2DD3F29B8FEDF00C831B2 /* Preview Assets.xcassets */ = {isa = PBXFileReference; lastKnownFileType = folder.assetcatalog; path = "Preview Assets.xcassets"; sourceTree = "<group>"; };
		09B2DD4129B8FEDF00C831B2 /* SessionTraceViewer.entitlements */ = {isa = PBXFileReference; lastKnownFileType = text.plist.entitlements; path = SessionTraceViewer.entitlements; sourceTree = "<group>"; };
		09B2DD4629B8FEDF00C831B2 /* SessionTraceViewerTests.xctest */ = {isa = PBXFileReference; explicitFileType = wrapper.cfbundle; includeInIndex = 0; path = SessionTraceViewerTests.xctest; sourceTree = BUILT_PRODUCTS_DIR; };
		09B2DD4A29B8FEDF00C831B2 /* SessionTraceViewerTests.swift */ = {isa = PBXFileReference; lastKnownFileType = sourcecode.swift; path = SessionTraceViewerTests.swift; sourceTree = "<group>"; };
		09B2DD5029B8FEDF00C831B2 /* SessionTraceViewerUITests.xctest */ = {isa = PBXFileReference; explicitFileType = wrapper.cfbundle; includeInIndex = 0; path = SessionTraceViewerUITests.xctest; sourceTree = BUILT_PRODUCTS_DIR; };
		09B2DD5429B8FEDF00C831B2 /* SessionTraceViewerUITests.swift */ = {isa = PBXFileReference; lastKnownFileType = sourcecode.swift; path = SessionTraceViewerUITests.swift; sourceTree = "<group>"; };
		09B2DD5629B8FEDF00C831B2 /* SessionTraceViewerUITestsLaunchTests.swift */ = {isa = PBXFileReference; lastKnownFileType = sourcecode.swift; path = SessionTraceViewerUITestsLaunchTests.swift; sourceTree = "<group>"; };
		09B2DD6729B8FFA100C831B2 /* EventInspectorFormatting.swift */ = {isa = PBXFileReference; lastKnownFileType = sourcecode.swift; path = EventInspectorFormatting.swift; sourceTree = "<group>"; };
		09B2DD6929B8FFAB00C831B2 /* EventInspectorUI.swift */ = {isa = PBXFileReference; lastKnownFileType = sourcecode.swift; path = EventInspectorUI.swift; sourceTree = "<group>"; };
		09B2DD7129B99A3300C831B2 /* TimelineEventRow.swift */ = {isa = PBXFileReference; lastKnownFileType = sourcecode.swift; path = TimelineEventRow.swift; sourceTree = "<group>"; };
		09B2DD7729B99E8900C831B2 /* TraceViewer.swift */ = {isa = PBXFileReference; lastKnownFileType = sourcecode.swift; path = TraceViewer.swift; sourceTree = "<group>"; };
		09B2DD7929B99E9400C831B2 /* TraceViewerUI.swift */ = {isa = PBXFileReference; lastKnownFileType = sourcecode.swift; path = TraceViewerUI.swift; sourceTree = "<group>"; };
		A1B2C3112E00001100C831B2 /* TraceViewerList.swift */ = {isa = PBXFileReference; lastKnownFileType = sourcecode.swift; path = TraceViewerList.swift; sourceTree = "<group>"; };
		A1B2C3122E00001200C831B2 /* TraceViewerListUI.swift */ = {isa = PBXFileReference; lastKnownFileType = sourcecode.swift; path = TraceViewerListUI.swift; sourceTree = "<group>"; };
		A1B2C3132E00001300C831B2 /* TraceViewerGraph.swift */ = {isa = PBXFileReference; lastKnownFileType = sourcecode.swift; path = TraceViewerGraph.swift; sourceTree = "<group>"; };
		A1B2C3142E00001400C831B2 /* TraceViewerGraphUI.swift */ = {isa = PBXFileReference; lastKnownFileType = sourcecode.swift; path = TraceViewerGraphUI.swift; sourceTree = "<group>"; };
		A1B2C3152E00001500C831B2 /* TraceViewerDetails.swift */ = {isa = PBXFileReference; lastKnownFileType = sourcecode.swift; path = TraceViewerDetails.swift; sourceTree = "<group>"; };
		A1B2C3162E00001600C831B2 /* TraceViewerDetailsUI.swift */ = {isa = PBXFileReference; lastKnownFileType = sourcecode.swift; path = TraceViewerDetailsUI.swift; sourceTree = "<group>"; };
		A1B2C3172E00001700C831B2 /* TraceViewerGraphState.swift */ = {isa = PBXFileReference; lastKnownFileType = sourcecode.swift; path = TraceViewerGraphState.swift; sourceTree = "<group>"; };
		A1B2C3182E00001800C831B2 /* TraceViewerTimelineData.swift */ = {isa = PBXFileReference; lastKnownFileType = sourcecode.swift; path = TraceViewerTimelineData.swift; sourceTree = "<group>"; };
		A1B2C3192E00001900C831B2 /* TraceViewerState.swift */ = {isa = PBXFileReference; lastKnownFileType = sourcecode.swift; path = TraceViewerState.swift; sourceTree = "<group>"; };
		09B2DD7D29BA167E00C831B2 /* ViewEnvironment.swift */ = {isa = PBXFileReference; lastKnownFileType = sourcecode.swift; path = ViewEnvironment.swift; sourceTree = "<group>"; };
		09B2DD8E29BB946800C831B2 /* TraceSessionDocument.swift */ = {isa = PBXFileReference; lastKnownFileType = sourcecode.swift; path = TraceSessionDocument.swift; sourceTree = "<group>"; };
		09B2DD9429BB98C200C831B2 /* TraceSessionDocumentUI.swift */ = {isa = PBXFileReference; lastKnownFileType = sourcecode.swift; path = TraceSessionDocumentUI.swift; sourceTree = "<group>"; };
		09DAC36229C215E400448FCC /* ChordDiagramEditor.lzma */ = {isa = PBXFileReference; lastKnownFileType = file; path = ChordDiagramEditor.lzma; sourceTree = "<group>"; };
		09F0A0002A00000100C831B2 /* TimelineEventRowCard.swift */ = {isa = PBXFileReference; lastKnownFileType = sourcecode.swift; path = TimelineEventRowCard.swift; sourceTree = "<group>"; };
		09F0A0022A00000300C831B2 /* StringDiff.swift */ = {isa = PBXFileReference; lastKnownFileType = sourcecode.swift; path = StringDiff.swift; sourceTree = "<group>"; };
		09F0A0042A00000500C831B2 /* StringDiffUI.swift */ = {isa = PBXFileReference; lastKnownFileType = sourcecode.swift; path = StringDiffUI.swift; sourceTree = "<group>"; };
		09F0A00A2A00000A00C831B2 /* StringDiffEnv.swift */ = {isa = PBXFileReference; lastKnownFileType = sourcecode.swift; path = StringDiffEnv.swift; sourceTree = "<group>"; };
		09F0A0232A00002300C831B2 /* StringDiffWindowKeyboardShortcuts.swift */ = {isa = PBXFileReference; lastKnownFileType = sourcecode.swift; path = StringDiffWindowKeyboardShortcuts.swift; sourceTree = "<group>"; };
		09F0A0252A00002500C831B2 /* StringDiffLineCell.swift */ = {isa = PBXFileReference; lastKnownFileType = sourcecode.swift; path = StringDiffLineCell.swift; sourceTree = "<group>"; };
		09F0A0272A00002700C831B2 /* StringDiffSectionRows.swift */ = {isa = PBXFileReference; lastKnownFileType = sourcecode.swift; path = StringDiffSectionRows.swift; sourceTree = "<group>"; };
		09F0A0292A00002900C831B2 /* StringDiffColumnHeader.swift */ = {isa = PBXFileReference; lastKnownFileType = sourcecode.swift; path = StringDiffColumnHeader.swift; sourceTree = "<group>"; };
		09F0A02B2A00002B00C831B2 /* StringDiffInlineValueCard.swift */ = {isa = PBXFileReference; lastKnownFileType = sourcecode.swift; path = StringDiffInlineValueCard.swift; sourceTree = "<group>"; };
		09F0A02D2A00002D00C831B2 /* StringDiffDocumentSection.swift */ = {isa = PBXFileReference; lastKnownFileType = sourcecode.swift; path = StringDiffDocumentSection.swift; sourceTree = "<group>"; };
		09F0A02F2A00002F00C831B2 /* StringDiffLoadingView.swift */ = {isa = PBXFileReference; lastKnownFileType = sourcecode.swift; path = StringDiffLoadingView.swift; sourceTree = "<group>"; };
		09F0A0312A00003100C831B2 /* StringDiffInlineLoadedView.swift */ = {isa = PBXFileReference; lastKnownFileType = sourcecode.swift; path = StringDiffInlineLoadedView.swift; sourceTree = "<group>"; };
		09F0A0332A00003300C831B2 /* StringDiffWindowLoadedView.swift */ = {isa = PBXFileReference; lastKnownFileType = sourcecode.swift; path = StringDiffWindowLoadedView.swift; sourceTree = "<group>"; };
		09F0A00F2A00000F00C831B2 /* LiveTraceServer.swift */ = {isa = PBXFileReference; lastKnownFileType = sourcecode.swift; path = LiveTraceServer.swift; sourceTree = "<group>"; };
		09F0A0112A00001100C831B2 /* LiveTrace.swift */ = {isa = PBXFileReference; lastKnownFileType = sourcecode.swift; path = LiveTrace.swift; sourceTree = "<group>"; };
		09F0A0142A00001400C831B2 /* LiveTraceUI.swift */ = {isa = PBXFileReference; lastKnownFileType = sourcecode.swift; path = LiveTraceUI.swift; sourceTree = "<group>"; };
			09F0A0172A00001700C831B2 /* LiveTraceEnv.swift */ = {isa = PBXFileReference; lastKnownFileType = sourcecode.swift; path = LiveTraceEnv.swift; sourceTree = "<group>"; };
			09F0A0512A00005100C831B2 /* EventInspector.swift */ = {isa = PBXFileReference; lastKnownFileType = sourcecode.swift; path = EventInspector.swift; sourceTree = "<group>"; };
		09F0A0532A00005300C831B2 /* TraceViewerListState.swift */ = {isa = PBXFileReference; lastKnownFileType = sourcecode.swift; path = TraceViewerListState.swift; sourceTree = "<group>"; };
			09F0A0412A00004100C831B2 /* SessionDescriptionView.swift */ = {isa = PBXFileReference; lastKnownFileType = sourcecode.swift; path = SessionDescriptionView.swift; sourceTree = "<group>"; };
			09F0A0432A00004300C831B2 /* SessionRow.swift */ = {isa = PBXFileReference; lastKnownFileType = sourcecode.swift; path = SessionRow.swift; sourceTree = "<group>"; };
			09F0A0452A00004500C831B2 /* SessionDetailView.swift */ = {isa = PBXFileReference; lastKnownFileType = sourcecode.swift; path = SessionDetailView.swift; sourceTree = "<group>"; };
			7E8515D9DC874A5E8520F316 /* TraceViewerScopeBarButton.swift */ = {isa = PBXFileReference; lastKnownFileType = sourcecode.swift; path = TraceViewerScopeBarButton.swift; sourceTree = "<group>"; };
			240E2B188079436C8901D552 /* TraceViewerTimelineOverviewView.swift */ = {isa = PBXFileReference; lastKnownFileType = sourcecode.swift; path = TraceViewerTimelineOverviewView.swift; sourceTree = "<group>"; };
			FF1AAA493489433D89CB8255 /* EventInspectorEnv.swift */ = {isa = PBXFileReference; lastKnownFileType = sourcecode.swift; path = EventInspectorEnv.swift; sourceTree = "<group>"; };
			4548177255E6400D92FEEDB8 /* TraceViewerModelTests.swift */ = {isa = PBXFileReference; lastKnownFileType = sourcecode.swift; path = TraceViewerModelTests.swift; sourceTree = "<group>"; };
			31E3F6089DB444FEAA04BA3D /* EventInspectorModelTests.swift */ = {isa = PBXFileReference; lastKnownFileType = sourcecode.swift; path = EventInspectorModelTests.swift; sourceTree = "<group>"; };
			245112380F7347928B5D3221 /* StringDiffModelTests.swift */ = {isa = PBXFileReference; lastKnownFileType = sourcecode.swift; path = StringDiffModelTests.swift; sourceTree = "<group>"; };
			D9F86326AEEC43AD89263C80 /* LiveTraceModelTests.swift */ = {isa = PBXFileReference; lastKnownFileType = sourcecode.swift; path = LiveTraceModelTests.swift; sourceTree = "<group>"; };
/* End PBXFileReference section */

/* Begin PBXFrameworksBuildPhase section */
		09B2DD3229B8FEDE00C831B2 /* Frameworks */ = {
			isa = PBXFrameworksBuildPhase;
			buildActionMask = 2147483647;
			files = (
				09B2DD6529B8FF4400C831B2 /* ReducerArchitecture in Frameworks */,
				09F0A00C2A00000C00C831B2 /* SwiftUIEx in Frameworks */,
			);
			runOnlyForDeploymentPostprocessing = 0;
		};
		09B2DD4329B8FEDF00C831B2 /* Frameworks */ = {
			isa = PBXFrameworksBuildPhase;
			buildActionMask = 2147483647;
			files = (
			);
			runOnlyForDeploymentPostprocessing = 0;
		};
		09B2DD4D29B8FEDF00C831B2 /* Frameworks */ = {
			isa = PBXFrameworksBuildPhase;
			buildActionMask = 2147483647;
			files = (
			);
			runOnlyForDeploymentPostprocessing = 0;
		};
/* End PBXFrameworksBuildPhase section */

/* Begin PBXGroup section */
		09B2DD2C29B8FEDE00C831B2 = {
			isa = PBXGroup;
			children = (
				09B2DD3729B8FEDE00C831B2 /* SessionTraceViewer */,
				09B2DD4929B8FEDF00C831B2 /* SessionTraceViewerTests */,
				09B2DD5329B8FEDF00C831B2 /* SessionTraceViewerUITests */,
				09B2DD3629B8FEDE00C831B2 /* Products */,
			);
			sourceTree = "<group>";
		};
		09B2DD3629B8FEDE00C831B2 /* Products */ = {
			isa = PBXGroup;
			children = (
				09B2DD3529B8FEDE00C831B2 /* SessionTraceViewer.app */,
				09B2DD4629B8FEDF00C831B2 /* SessionTraceViewerTests.xctest */,
				09B2DD5029B8FEDF00C831B2 /* SessionTraceViewerUITests.xctest */,
			);
			name = Products;
			sourceTree = "<group>";
		};
		09B2DD3729B8FEDE00C831B2 /* SessionTraceViewer */ = {
			isa = PBXGroup;
			children = (
				09B2DD9629BB98C800C831B2 /* TraceSessionDocument */,
				09B2DD7629B99E4700C831B2 /* TraceViewer */,
				09F0A0132A00001300C831B2 /* LiveTrace */,
				09B2DD6629B8FF6700C831B2 /* EventInspector */,
				09F0A0062A00000600C831B2 /* StringDiff */,
				09B2DD7129B99A3300C831B2 /* TimelineEventRow.swift */,
				09F0A0002A00000100C831B2 /* TimelineEventRowCard.swift */,
				09B2DD7D29BA167E00C831B2 /* ViewEnvironment.swift */,
				09B2DD3829B8FEDE00C831B2 /* SessionTraceViewerApp.swift */,
				09B2DD4129B8FEDF00C831B2 /* SessionTraceViewer.entitlements */,
				09B2DD3C29B8FEDF00C831B2 /* Assets.xcassets */,
				09B2DD3E29B8FEDF00C831B2 /* Preview Content */,
			);
			path = SessionTraceViewer;
			sourceTree = "<group>";
		};
		09B2DD3E29B8FEDF00C831B2 /* Preview Content */ = {
			isa = PBXGroup;
			children = (
				09DAC36229C215E400448FCC /* ChordDiagramEditor.lzma */,
				09B2DD3F29B8FEDF00C831B2 /* Preview Assets.xcassets */,
			);
			path = "Preview Content";
			sourceTree = "<group>";
		};
			09B2DD4929B8FEDF00C831B2 /* SessionTraceViewerTests */ = {
				isa = PBXGroup;
				children = (
					09B2DD4A29B8FEDF00C831B2 /* SessionTraceViewerTests.swift */,
				);
				path = SessionTraceViewerTests;
				sourceTree = "<group>";
			};
		09B2DD5329B8FEDF00C831B2 /* SessionTraceViewerUITests */ = {
			isa = PBXGroup;
			children = (
				09B2DD5429B8FEDF00C831B2 /* SessionTraceViewerUITests.swift */,
				09B2DD5629B8FEDF00C831B2 /* SessionTraceViewerUITestsLaunchTests.swift */,
			);
			path = SessionTraceViewerUITests;
			sourceTree = "<group>";
		};
			09B2DD6629B8FF6700C831B2 /* EventInspector */ = {
				isa = PBXGroup;
				children = (
					09F0A0512A00005100C831B2 /* EventInspector.swift */,
					FF1AAA493489433D89CB8255 /* EventInspectorEnv.swift */,
					09B2DD6729B8FFA100C831B2 /* EventInspectorFormatting.swift */,
					09B2DD6929B8FFAB00C831B2 /* EventInspectorUI.swift */,
					D91DE17F9F8B4EA68D850E7F /* Tests */,
				);
				path = EventInspector;
				sourceTree = "<group>";
			};
			09B2DD7629B99E4700C831B2 /* TraceViewer */ = {
				isa = PBXGroup;
				children = (
					09B2DD7729B99E8900C831B2 /* TraceViewer.swift */,
					09B2DD7929B99E9400C831B2 /* TraceViewerUI.swift */,
					A1B2C3192E00001900C831B2 /* TraceViewerState.swift */,
					A1B2C3182E00001800C831B2 /* TraceViewerTimelineData.swift */,
					A1B2C3212E00002100C831B2 /* TraceViewerList */,
					A1B2C3222E00002200C831B2 /* TraceViewerGraph */,
					A1B2C3232E00002300C831B2 /* TraceViewerDetails */,
					C286B234A5724ADC9385EE8C /* Views */,
					C07125AA93414563B6941AD3 /* Tests */,
				);
				path = TraceViewer;
				sourceTree = "<group>";
			};
		09B2DD9629BB98C800C831B2 /* TraceSessionDocument */ = {
			isa = PBXGroup;
			children = (
				09B2DD8E29BB946800C831B2 /* TraceSessionDocument.swift */,
				09B2DD9429BB98C200C831B2 /* TraceSessionDocumentUI.swift */,
			);
			path = TraceSessionDocument;
			sourceTree = "<group>";
		};
			09F0A0062A00000600C831B2 /* StringDiff */ = {
				isa = PBXGroup;
				children = (
					09F0A0022A00000300C831B2 /* StringDiff.swift */,
					09F0A00A2A00000A00C831B2 /* StringDiffEnv.swift */,
					09F0A0042A00000500C831B2 /* StringDiffUI.swift */,
					09F0A0342A00003400C831B2 /* Views */,
					BDD34D8A648C4B2CA5E23A43 /* Tests */,
				);
				path = StringDiff;
				sourceTree = "<group>";
			};
		09F0A0342A00003400C831B2 /* Views */ = {
			isa = PBXGroup;
			children = (
				09F0A0232A00002300C831B2 /* StringDiffWindowKeyboardShortcuts.swift */,
				09F0A0252A00002500C831B2 /* StringDiffLineCell.swift */,
				09F0A0272A00002700C831B2 /* StringDiffSectionRows.swift */,
				09F0A0292A00002900C831B2 /* StringDiffColumnHeader.swift */,
				09F0A02B2A00002B00C831B2 /* StringDiffInlineValueCard.swift */,
				09F0A02D2A00002D00C831B2 /* StringDiffDocumentSection.swift */,
				09F0A02F2A00002F00C831B2 /* StringDiffLoadingView.swift */,
				09F0A0312A00003100C831B2 /* StringDiffInlineLoadedView.swift */,
				09F0A0332A00003300C831B2 /* StringDiffWindowLoadedView.swift */,
			);
			path = Views;
			sourceTree = "<group>";
		};
			09F0A0132A00001300C831B2 /* LiveTrace */ = {
				isa = PBXGroup;
				children = (
					09F0A00F2A00000F00C831B2 /* LiveTraceServer.swift */,
					09F0A0112A00001100C831B2 /* LiveTrace.swift */,
					09F0A0172A00001700C831B2 /* LiveTraceEnv.swift */,
					09F0A0142A00001400C831B2 /* LiveTraceUI.swift */,
					09F0A0462A00004600C831B2 /* Views */,
					578F1312CA504118AE54508D /* Tests */,
				);
				path = LiveTrace;
				sourceTree = "<group>";
			};
			09F0A0462A00004600C831B2 /* Views */ = {
				isa = PBXGroup;
				children = (
					09F0A0412A00004100C831B2 /* SessionDescriptionView.swift */,
					09F0A0432A00004300C831B2 /* SessionRow.swift */,
					09F0A0452A00004500C831B2 /* SessionDetailView.swift */,
				);
				path = Views;
				sourceTree = "<group>";
			};
			578F1312CA504118AE54508D /* Tests */ = {
				isa = PBXGroup;
				children = (
					D9F86326AEEC43AD89263C80 /* LiveTraceModelTests.swift */,
				);
				path = Tests;
				sourceTree = "<group>";
			};
			BDD34D8A648C4B2CA5E23A43 /* Tests */ = {
				isa = PBXGroup;
				children = (
					245112380F7347928B5D3221 /* StringDiffModelTests.swift */,
				);
				path = Tests;
				sourceTree = "<group>";
			};
			C07125AA93414563B6941AD3 /* Tests */ = {
				isa = PBXGroup;
				children = (
					4548177255E6400D92FEEDB8 /* TraceViewerModelTests.swift */,
				);
				path = Tests;
				sourceTree = "<group>";
			};
			A1B2C3212E00002100C831B2 /* TraceViewerList */ = {
				isa = PBXGroup;
				children = (
					A1B2C3112E00001100C831B2 /* TraceViewerList.swift */,
					A1B2C3122E00001200C831B2 /* TraceViewerListUI.swift */,
					09F0A0532A00005300C831B2 /* TraceViewerListState.swift */,
				);
				path = TraceViewerList;
				sourceTree = "<group>";
			};
			A1B2C3222E00002200C831B2 /* TraceViewerGraph */ = {
				isa = PBXGroup;
				children = (
					A1B2C3132E00001300C831B2 /* TraceViewerGraph.swift */,
					A1B2C3172E00001700C831B2 /* TraceViewerGraphState.swift */,
					A1B2C3142E00001400C831B2 /* TraceViewerGraphUI.swift */,
					A1B2C3242E00002400C831B2 /* Views */,
				);
				path = TraceViewerGraph;
				sourceTree = "<group>";
			};
			A1B2C3232E00002300C831B2 /* TraceViewerDetails */ = {
				isa = PBXGroup;
				children = (
					A1B2C3152E00001500C831B2 /* TraceViewerDetails.swift */,
					A1B2C3162E00001600C831B2 /* TraceViewerDetailsUI.swift */,
				);
				path = TraceViewerDetails;
				sourceTree = "<group>";
			};
			A1B2C3242E00002400C831B2 /* Views */ = {
				isa = PBXGroup;
				children = (
					240E2B188079436C8901D552 /* TraceViewerTimelineOverviewView.swift */,
				);
				path = Views;
				sourceTree = "<group>";
			};
			C286B234A5724ADC9385EE8C /* Views */ = {
				isa = PBXGroup;
				children = (
					7E8515D9DC874A5E8520F316 /* TraceViewerScopeBarButton.swift */,
				);
				path = Views;
				sourceTree = "<group>";
			};
			D91DE17F9F8B4EA68D850E7F /* Tests */ = {
				isa = PBXGroup;
				children = (
					31E3F6089DB444FEAA04BA3D /* EventInspectorModelTests.swift */,
				);
				path = Tests;
				sourceTree = "<group>";
			};
/* End PBXGroup section */

/* Begin PBXNativeTarget section */
		09B2DD3429B8FEDE00C831B2 /* SessionTraceViewer */ = {
			isa = PBXNativeTarget;
			buildConfigurationList = 09B2DD5A29B8FEDF00C831B2 /* Build configuration list for PBXNativeTarget "SessionTraceViewer" */;
			buildPhases = (
				09B2DD3129B8FEDE00C831B2 /* Sources */,
				09B2DD3229B8FEDE00C831B2 /* Frameworks */,
				09B2DD3329B8FEDE00C831B2 /* Resources */,
			);
			buildRules = (
			);
			dependencies = (
			);
			name = SessionTraceViewer;
			packageProductDependencies = (
				09B2DD6429B8FF4400C831B2 /* ReducerArchitecture */,
				09F0A00D2A00000D00C831B2 /* SwiftUIEx */,
			);
			productName = SessionTraceViewer;
			productReference = 09B2DD3529B8FEDE00C831B2 /* SessionTraceViewer.app */;
			productType = "com.apple.product-type.application";
		};
		09B2DD4529B8FEDF00C831B2 /* SessionTraceViewerTests */ = {
			isa = PBXNativeTarget;
			buildConfigurationList = 09B2DD5D29B8FEDF00C831B2 /* Build configuration list for PBXNativeTarget "SessionTraceViewerTests" */;
			buildPhases = (
				09B2DD4229B8FEDF00C831B2 /* Sources */,
				09B2DD4329B8FEDF00C831B2 /* Frameworks */,
				09B2DD4429B8FEDF00C831B2 /* Resources */,
			);
			buildRules = (
			);
			dependencies = (
				09B2DD4829B8FEDF00C831B2 /* PBXTargetDependency */,
			);
			name = SessionTraceViewerTests;
			productName = SessionTraceViewerTests;
			productReference = 09B2DD4629B8FEDF00C831B2 /* SessionTraceViewerTests.xctest */;
			productType = "com.apple.product-type.bundle.unit-test";
		};
		09B2DD4F29B8FEDF00C831B2 /* SessionTraceViewerUITests */ = {
			isa = PBXNativeTarget;
			buildConfigurationList = 09B2DD6029B8FEDF00C831B2 /* Build configuration list for PBXNativeTarget "SessionTraceViewerUITests" */;
			buildPhases = (
				09B2DD4C29B8FEDF00C831B2 /* Sources */,
				09B2DD4D29B8FEDF00C831B2 /* Frameworks */,
				09B2DD4E29B8FEDF00C831B2 /* Resources */,
			);
			buildRules = (
			);
			dependencies = (
				09B2DD5229B8FEDF00C831B2 /* PBXTargetDependency */,
			);
			name = SessionTraceViewerUITests;
			productName = SessionTraceViewerUITests;
			productReference = 09B2DD5029B8FEDF00C831B2 /* SessionTraceViewerUITests.xctest */;
			productType = "com.apple.product-type.bundle.ui-testing";
		};
/* End PBXNativeTarget section */

/* Begin PBXProject section */
		09B2DD2D29B8FEDE00C831B2 /* Project object */ = {
			isa = PBXProject;
			attributes = {
				BuildIndependentTargetsInParallel = 1;
				LastSwiftUpdateCheck = 1420;
				LastUpgradeCheck = 1420;
				TargetAttributes = {
					09B2DD3429B8FEDE00C831B2 = {
						CreatedOnToolsVersion = 14.2;
					};
					09B2DD4529B8FEDF00C831B2 = {
						CreatedOnToolsVersion = 14.2;
						TestTargetID = 09B2DD3429B8FEDE00C831B2;
					};
					09B2DD4F29B8FEDF00C831B2 = {
						CreatedOnToolsVersion = 14.2;
						TestTargetID = 09B2DD3429B8FEDE00C831B2;
					};
				};
			};
			buildConfigurationList = 09B2DD3029B8FEDE00C831B2 /* Build configuration list for PBXProject "SessionTraceViewer" */;
			compatibilityVersion = "Xcode 14.0";
			developmentRegion = en;
			hasScannedForEncodings = 0;
			knownRegions = (
				en,
				Base,
			);
			mainGroup = 09B2DD2C29B8FEDE00C831B2;
			packageReferences = (
				09B2DD6329B8FF4400C831B2 /* XCRemoteSwiftPackageReference "ReducerArchitecture" */,
				09F0A00E2A00000E00C831B2 /* XCRemoteSwiftPackageReference "SwiftUIEx" */,
			);
			productRefGroup = 09B2DD3629B8FEDE00C831B2 /* Products */;
			projectDirPath = "";
			projectRoot = "";
			targets = (
				09B2DD3429B8FEDE00C831B2 /* SessionTraceViewer */,
				09B2DD4529B8FEDF00C831B2 /* SessionTraceViewerTests */,
				09B2DD4F29B8FEDF00C831B2 /* SessionTraceViewerUITests */,
			);
		};
/* End PBXProject section */

/* Begin PBXResourcesBuildPhase section */
		09B2DD3329B8FEDE00C831B2 /* Resources */ = {
			isa = PBXResourcesBuildPhase;
			buildActionMask = 2147483647;
			files = (
				09B2DD4029B8FEDF00C831B2 /* Preview Assets.xcassets in Resources */,
				09B2DD3D29B8FEDF00C831B2 /* Assets.xcassets in Resources */,
				09DAC36329C215E400448FCC /* ChordDiagramEditor.lzma in Resources */,
			);
			runOnlyForDeploymentPostprocessing = 0;
		};
		09B2DD4429B8FEDF00C831B2 /* Resources */ = {
			isa = PBXResourcesBuildPhase;
			buildActionMask = 2147483647;
			files = (
			);
			runOnlyForDeploymentPostprocessing = 0;
		};
		09B2DD4E29B8FEDF00C831B2 /* Resources */ = {
			isa = PBXResourcesBuildPhase;
			buildActionMask = 2147483647;
			files = (
			);
			runOnlyForDeploymentPostprocessing = 0;
		};
/* End PBXResourcesBuildPhase section */

/* Begin PBXSourcesBuildPhase section */
		09B2DD3129B8FEDE00C831B2 /* Sources */ = {
			isa = PBXSourcesBuildPhase;
			buildActionMask = 2147483647;
			files = (
				09B2DD7E29BA167E00C831B2 /* ViewEnvironment.swift in Sources */,
				09B2DD9529BB98C200C831B2 /* TraceSessionDocumentUI.swift in Sources */,
					09B2DD6829B8FFA100C831B2 /* EventInspectorFormatting.swift in Sources */,
					09F0A0102A00001000C831B2 /* LiveTraceServer.swift in Sources */,
					09F0A0122A00001200C831B2 /* LiveTrace.swift in Sources */,
					09F0A0162A00001600C831B2 /* LiveTraceEnv.swift in Sources */,
					09F0A0152A00001500C831B2 /* LiveTraceUI.swift in Sources */,
					09F0A0402A00004000C831B2 /* SessionDescriptionView.swift in Sources */,
					09F0A0422A00004200C831B2 /* SessionRow.swift in Sources */,
					09F0A0442A00004400C831B2 /* SessionDetailView.swift in Sources */,
					60C5B4CE871D476F808EA512 /* EventInspectorEnv.swift in Sources */,
					09F0A00B2A00000B00C831B2 /* StringDiffEnv.swift in Sources */,
					09F0A0052A00000500C831B2 /* StringDiffUI.swift in Sources */,
					09F0A0222A00002200C831B2 /* StringDiffWindowKeyboardShortcuts.swift in Sources */,
					09F0A0242A00002400C831B2 /* StringDiffLineCell.swift in Sources */,
					09F0A0262A00002600C831B2 /* StringDiffSectionRows.swift in Sources */,
				09F0A0282A00002800C831B2 /* StringDiffColumnHeader.swift in Sources */,
				09F0A02A2A00002A00C831B2 /* StringDiffInlineValueCard.swift in Sources */,
				09F0A02C2A00002C00C831B2 /* StringDiffDocumentSection.swift in Sources */,
				09F0A02E2A00002E00C831B2 /* StringDiffLoadingView.swift in Sources */,
				09F0A0302A00003000C831B2 /* StringDiffInlineLoadedView.swift in Sources */,
					09F0A0322A00003200C831B2 /* StringDiffWindowLoadedView.swift in Sources */,
					09B2DD7229B99A3300C831B2 /* TimelineEventRow.swift in Sources */,
					09F0A0012A00000100C831B2 /* TimelineEventRowCard.swift in Sources */,
					09B2DD8F29BB946800C831B2 /* TraceSessionDocument.swift in Sources */,
					09B2DD3929B8FEDE00C831B2 /* SessionTraceViewerApp.swift in Sources */,
					09F0A0502A00005000C831B2 /* EventInspector.swift in Sources */,
					480C2706CADC44F1BCA9E59A /* TraceViewerScopeBarButton.swift in Sources */,
					09B2DD7A29B99E9400C831B2 /* TraceViewerUI.swift in Sources */,
					09F0A0032A00000300C831B2 /* StringDiff.swift in Sources */,
					38B27273F67B4AB9A88CE96F /* TraceViewerTimelineOverviewView.swift in Sources */,
					09F0A0522A00005200C831B2 /* TraceViewerListState.swift in Sources */,
					A1B2C3082E00000800C831B2 /* TraceViewerTimelineData.swift in Sources */,
					A1B2C3092E00000900C831B2 /* TraceViewerState.swift in Sources */,
					A1B2C3012E00000100C831B2 /* TraceViewerList.swift in Sources */,
					A1B2C3022E00000200C831B2 /* TraceViewerListUI.swift in Sources */,
					A1B2C3032E00000300C831B2 /* TraceViewerGraph.swift in Sources */,
					A1B2C3072E00000700C831B2 /* TraceViewerGraphState.swift in Sources */,
					A1B2C3042E00000400C831B2 /* TraceViewerGraphUI.swift in Sources */,
					A1B2C3052E00000500C831B2 /* TraceViewerDetails.swift in Sources */,
					A1B2C3062E00000600C831B2 /* TraceViewerDetailsUI.swift in Sources */,
					09B2DD7829B99E8900C831B2 /* TraceViewer.swift in Sources */,
					09B2DD6A29B8FFAB00C831B2 /* EventInspectorUI.swift in Sources */,
				);
			runOnlyForDeploymentPostprocessing = 0;
		};
			09B2DD4229B8FEDF00C831B2 /* Sources */ = {
				isa = PBXSourcesBuildPhase;
				buildActionMask = 2147483647;
				files = (
					09B2DD4B29B8FEDF00C831B2 /* SessionTraceViewerTests.swift in Sources */,
					19565E64902642DE8952D036 /* TraceViewerModelTests.swift in Sources */,
					A74A866E382B4998AA39E020 /* EventInspectorModelTests.swift in Sources */,
					EC47F91248584A4C95CAF3A7 /* StringDiffModelTests.swift in Sources */,
					8A27250B195947E8912A8BCA /* LiveTraceModelTests.swift in Sources */,
				);
				runOnlyForDeploymentPostprocessing = 0;
			};
		09B2DD4C29B8FEDF00C831B2 /* Sources */ = {
			isa = PBXSourcesBuildPhase;
			buildActionMask = 2147483647;
			files = (
				09B2DD5529B8FEDF00C831B2 /* SessionTraceViewerUITests.swift in Sources */,
				09B2DD5729B8FEDF00C831B2 /* SessionTraceViewerUITestsLaunchTests.swift in Sources */,
			);
			runOnlyForDeploymentPostprocessing = 0;
		};
/* End PBXSourcesBuildPhase section */

/* Begin PBXTargetDependency section */
		09B2DD4829B8FEDF00C831B2 /* PBXTargetDependency */ = {
			isa = PBXTargetDependency;
			target = 09B2DD3429B8FEDE00C831B2 /* SessionTraceViewer */;
			targetProxy = 09B2DD4729B8FEDF00C831B2 /* PBXContainerItemProxy */;
		};
		09B2DD5229B8FEDF00C831B2 /* PBXTargetDependency */ = {
			isa = PBXTargetDependency;
			target = 09B2DD3429B8FEDE00C831B2 /* SessionTraceViewer */;
			targetProxy = 09B2DD5129B8FEDF00C831B2 /* PBXContainerItemProxy */;
		};
/* End PBXTargetDependency section */

/* Begin XCBuildConfiguration section */
		09B2DD5829B8FEDF00C831B2 /* Debug */ = {
			isa = XCBuildConfiguration;
			buildSettings = {
				ALWAYS_SEARCH_USER_PATHS = NO;
				CLANG_ANALYZER_NONNULL = YES;
				CLANG_ANALYZER_NUMBER_OBJECT_CONVERSION = YES_AGGRESSIVE;
				CLANG_CXX_LANGUAGE_STANDARD = "gnu++20";
				CLANG_ENABLE_MODULES = YES;
				CLANG_ENABLE_OBJC_ARC = YES;
				CLANG_ENABLE_OBJC_WEAK = YES;
				CLANG_WARN_BLOCK_CAPTURE_AUTORELEASING = YES;
				CLANG_WARN_BOOL_CONVERSION = YES;
				CLANG_WARN_COMMA = YES;
				CLANG_WARN_CONSTANT_CONVERSION = YES;
				CLANG_WARN_DEPRECATED_OBJC_IMPLEMENTATIONS = YES;
				CLANG_WARN_DIRECT_OBJC_ISA_USAGE = YES_ERROR;
				CLANG_WARN_DOCUMENTATION_COMMENTS = YES;
				CLANG_WARN_EMPTY_BODY = YES;
				CLANG_WARN_ENUM_CONVERSION = YES;
				CLANG_WARN_INFINITE_RECURSION = YES;
				CLANG_WARN_INT_CONVERSION = YES;
				CLANG_WARN_NON_LITERAL_NULL_CONVERSION = YES;
				CLANG_WARN_OBJC_IMPLICIT_RETAIN_SELF = YES;
				CLANG_WARN_OBJC_LITERAL_CONVERSION = YES;
				CLANG_WARN_OBJC_ROOT_CLASS = YES_ERROR;
				CLANG_WARN_QUOTED_INCLUDE_IN_FRAMEWORK_HEADER = YES;
				CLANG_WARN_RANGE_LOOP_ANALYSIS = YES;
				CLANG_WARN_STRICT_PROTOTYPES = YES;
				CLANG_WARN_SUSPICIOUS_MOVE = YES;
				CLANG_WARN_UNGUARDED_AVAILABILITY = YES_AGGRESSIVE;
				CLANG_WARN_UNREACHABLE_CODE = YES;
				CLANG_WARN__DUPLICATE_METHOD_MATCH = YES;
				COPY_PHASE_STRIP = NO;
				DEBUG_INFORMATION_FORMAT = dwarf;
				ENABLE_STRICT_OBJC_MSGSEND = YES;
				ENABLE_TESTABILITY = YES;
				GCC_C_LANGUAGE_STANDARD = gnu11;
				GCC_DYNAMIC_NO_PIC = NO;
				GCC_NO_COMMON_BLOCKS = YES;
				GCC_OPTIMIZATION_LEVEL = 0;
				GCC_PREPROCESSOR_DEFINITIONS = (
					"DEBUG=1",
					"$(inherited)",
				);
				GCC_WARN_64_TO_32_BIT_CONVERSION = YES;
				GCC_WARN_ABOUT_RETURN_TYPE = YES_ERROR;
				GCC_WARN_UNDECLARED_SELECTOR = YES;
				GCC_WARN_UNINITIALIZED_AUTOS = YES_AGGRESSIVE;
				GCC_WARN_UNUSED_FUNCTION = YES;
				GCC_WARN_UNUSED_VARIABLE = YES;
				MACOSX_DEPLOYMENT_TARGET = 15.6;
				MTL_ENABLE_DEBUG_INFO = INCLUDE_SOURCE;
				MTL_FAST_MATH = YES;
				ONLY_ACTIVE_ARCH = YES;
				SDKROOT = macosx;
				SWIFT_ACTIVE_COMPILATION_CONDITIONS = DEBUG;
				SWIFT_OPTIMIZATION_LEVEL = "-Onone";
				SWIFT_VERSION = 6.0;
			};
			name = Debug;
		};
		09B2DD5929B8FEDF00C831B2 /* Release */ = {
			isa = XCBuildConfiguration;
			buildSettings = {
				ALWAYS_SEARCH_USER_PATHS = NO;
				CLANG_ANALYZER_NONNULL = YES;
				CLANG_ANALYZER_NUMBER_OBJECT_CONVERSION = YES_AGGRESSIVE;
				CLANG_CXX_LANGUAGE_STANDARD = "gnu++20";
				CLANG_ENABLE_MODULES = YES;
				CLANG_ENABLE_OBJC_ARC = YES;
				CLANG_ENABLE_OBJC_WEAK = YES;
				CLANG_WARN_BLOCK_CAPTURE_AUTORELEASING = YES;
				CLANG_WARN_BOOL_CONVERSION = YES;
				CLANG_WARN_COMMA = YES;
				CLANG_WARN_CONSTANT_CONVERSION = YES;
				CLANG_WARN_DEPRECATED_OBJC_IMPLEMENTATIONS = YES;
				CLANG_WARN_DIRECT_OBJC_ISA_USAGE = YES_ERROR;
				CLANG_WARN_DOCUMENTATION_COMMENTS = YES;
				CLANG_WARN_EMPTY_BODY = YES;
				CLANG_WARN_ENUM_CONVERSION = YES;
				CLANG_WARN_INFINITE_RECURSION = YES;
				CLANG_WARN_INT_CONVERSION = YES;
				CLANG_WARN_NON_LITERAL_NULL_CONVERSION = YES;
				CLANG_WARN_OBJC_IMPLICIT_RETAIN_SELF = YES;
				CLANG_WARN_OBJC_LITERAL_CONVERSION = YES;
				CLANG_WARN_OBJC_ROOT_CLASS = YES_ERROR;
				CLANG_WARN_QUOTED_INCLUDE_IN_FRAMEWORK_HEADER = YES;
				CLANG_WARN_RANGE_LOOP_ANALYSIS = YES;
				CLANG_WARN_STRICT_PROTOTYPES = YES;
				CLANG_WARN_SUSPICIOUS_MOVE = YES;
				CLANG_WARN_UNGUARDED_AVAILABILITY = YES_AGGRESSIVE;
				CLANG_WARN_UNREACHABLE_CODE = YES;
				CLANG_WARN__DUPLICATE_METHOD_MATCH = YES;
				COPY_PHASE_STRIP = NO;
				DEBUG_INFORMATION_FORMAT = "dwarf-with-dsym";
				ENABLE_NS_ASSERTIONS = NO;
				ENABLE_STRICT_OBJC_MSGSEND = YES;
				GCC_C_LANGUAGE_STANDARD = gnu11;
				GCC_NO_COMMON_BLOCKS = YES;
				GCC_WARN_64_TO_32_BIT_CONVERSION = YES;
				GCC_WARN_ABOUT_RETURN_TYPE = YES_ERROR;
				GCC_WARN_UNDECLARED_SELECTOR = YES;
				GCC_WARN_UNINITIALIZED_AUTOS = YES_AGGRESSIVE;
				GCC_WARN_UNUSED_FUNCTION = YES;
				GCC_WARN_UNUSED_VARIABLE = YES;
				MACOSX_DEPLOYMENT_TARGET = 15.6;
				MTL_ENABLE_DEBUG_INFO = NO;
				MTL_FAST_MATH = YES;
				SDKROOT = macosx;
				SWIFT_COMPILATION_MODE = wholemodule;
				SWIFT_OPTIMIZATION_LEVEL = "-O";
				SWIFT_VERSION = 6.0;
			};
			name = Release;
		};
		09B2DD5B29B8FEDF00C831B2 /* Debug */ = {
			isa = XCBuildConfiguration;
			buildSettings = {
				ASSETCATALOG_COMPILER_APPICON_NAME = AppIcon;
				ASSETCATALOG_COMPILER_GLOBAL_ACCENT_COLOR_NAME = AccentColor;
				CODE_SIGN_ENTITLEMENTS = SessionTraceViewer/SessionTraceViewer.entitlements;
				CODE_SIGN_STYLE = Automatic;
				COMBINE_HIDPI_IMAGES = YES;
				CURRENT_PROJECT_VERSION = 1;
				DEVELOPMENT_ASSET_PATHS = "\"SessionTraceViewer/Preview Content\"";
				DEVELOPMENT_TEAM = 4YSH9CUM84;
				ENABLE_HARDENED_RUNTIME = YES;
				ENABLE_PREVIEWS = YES;
				GENERATE_INFOPLIST_FILE = YES;
				INFOPLIST_KEY_NSHumanReadableCopyright = "";
				LD_RUNPATH_SEARCH_PATHS = (
					"$(inherited)",
					"@executable_path/../Frameworks",
				);
				MARKETING_VERSION = 1.0;
				PRODUCT_BUNDLE_IDENTIFIER = com.harmonicsense.SessionTraceViewer;
				PRODUCT_NAME = "$(TARGET_NAME)";
				SUPPORTED_PLATFORMS = "iphoneos iphonesimulator macosx";
				SUPPORTS_MACCATALYST = NO;
				SUPPORTS_MAC_DESIGNED_FOR_IPHONE_IPAD = NO;
				SWIFT_EMIT_LOC_STRINGS = YES;
				SWIFT_VERSION = 5.0;
				TARGETED_DEVICE_FAMILY = 2;
			};
			name = Debug;
		};
		09B2DD5C29B8FEDF00C831B2 /* Release */ = {
			isa = XCBuildConfiguration;
			buildSettings = {
				ASSETCATALOG_COMPILER_APPICON_NAME = AppIcon;
				ASSETCATALOG_COMPILER_GLOBAL_ACCENT_COLOR_NAME = AccentColor;
				CODE_SIGN_ENTITLEMENTS = SessionTraceViewer/SessionTraceViewer.entitlements;
				CODE_SIGN_STYLE = Automatic;
				COMBINE_HIDPI_IMAGES = YES;
				CURRENT_PROJECT_VERSION = 1;
				DEVELOPMENT_ASSET_PATHS = "\"SessionTraceViewer/Preview Content\"";
				DEVELOPMENT_TEAM = 4YSH9CUM84;
				ENABLE_HARDENED_RUNTIME = YES;
				ENABLE_PREVIEWS = YES;
				GENERATE_INFOPLIST_FILE = YES;
				INFOPLIST_KEY_NSHumanReadableCopyright = "";
				LD_RUNPATH_SEARCH_PATHS = (
					"$(inherited)",
					"@executable_path/../Frameworks",
				);
				MARKETING_VERSION = 1.0;
				PRODUCT_BUNDLE_IDENTIFIER = com.harmonicsense.SessionTraceViewer;
				PRODUCT_NAME = "$(TARGET_NAME)";
				SUPPORTED_PLATFORMS = "iphoneos iphonesimulator macosx";
				SUPPORTS_MACCATALYST = NO;
				SUPPORTS_MAC_DESIGNED_FOR_IPHONE_IPAD = NO;
				SWIFT_EMIT_LOC_STRINGS = YES;
				SWIFT_VERSION = 5.0;
				TARGETED_DEVICE_FAMILY = 2;
			};
			name = Release;
		};
		09B2DD5E29B8FEDF00C831B2 /* Debug */ = {
			isa = XCBuildConfiguration;
			buildSettings = {
				ALWAYS_EMBED_SWIFT_STANDARD_LIBRARIES = YES;
				BUNDLE_LOADER = "$(TEST_HOST)";
				CODE_SIGN_STYLE = Automatic;
				CURRENT_PROJECT_VERSION = 1;
				DEVELOPMENT_TEAM = 4YSH9CUM84;
				GENERATE_INFOPLIST_FILE = YES;
				MACOSX_DEPLOYMENT_TARGET = 15.6;
				MARKETING_VERSION = 1.0;
				PRODUCT_BUNDLE_IDENTIFIER = com.harmonicsense.SessionTraceViewerTests;
				PRODUCT_NAME = "$(TARGET_NAME)";
				SWIFT_EMIT_LOC_STRINGS = NO;
				SWIFT_VERSION = 5.0;
				TEST_HOST = "$(BUILT_PRODUCTS_DIR)/SessionTraceViewer.app/$(BUNDLE_EXECUTABLE_FOLDER_PATH)/SessionTraceViewer";
			};
			name = Debug;
		};
		09B2DD5F29B8FEDF00C831B2 /* Release */ = {
			isa = XCBuildConfiguration;
			buildSettings = {
				ALWAYS_EMBED_SWIFT_STANDARD_LIBRARIES = YES;
				BUNDLE_LOADER = "$(TEST_HOST)";
				CODE_SIGN_STYLE = Automatic;
				CURRENT_PROJECT_VERSION = 1;
				DEVELOPMENT_TEAM = 4YSH9CUM84;
				GENERATE_INFOPLIST_FILE = YES;
				MACOSX_DEPLOYMENT_TARGET = 15.6;
				MARKETING_VERSION = 1.0;
				PRODUCT_BUNDLE_IDENTIFIER = com.harmonicsense.SessionTraceViewerTests;
				PRODUCT_NAME = "$(TARGET_NAME)";
				SWIFT_EMIT_LOC_STRINGS = NO;
				SWIFT_VERSION = 5.0;
				TEST_HOST = "$(BUILT_PRODUCTS_DIR)/SessionTraceViewer.app/$(BUNDLE_EXECUTABLE_FOLDER_PATH)/SessionTraceViewer";
			};
			name = Release;
		};
		09B2DD6129B8FEDF00C831B2 /* Debug */ = {
			isa = XCBuildConfiguration;
			buildSettings = {
				ALWAYS_EMBED_SWIFT_STANDARD_LIBRARIES = YES;
				CODE_SIGN_STYLE = Automatic;
				CURRENT_PROJECT_VERSION = 1;
				DEVELOPMENT_TEAM = 4YSH9CUM84;
				GENERATE_INFOPLIST_FILE = YES;
				MACOSX_DEPLOYMENT_TARGET = 15.6;
				MARKETING_VERSION = 1.0;
				PRODUCT_BUNDLE_IDENTIFIER = com.harmonicsense.SessionTraceViewerUITests;
				PRODUCT_NAME = "$(TARGET_NAME)";
				SWIFT_EMIT_LOC_STRINGS = NO;
				SWIFT_VERSION = 5.0;
				TEST_TARGET_NAME = SessionTraceViewer;
			};
			name = Debug;
		};
		09B2DD6229B8FEDF00C831B2 /* Release */ = {
			isa = XCBuildConfiguration;
			buildSettings = {
				ALWAYS_EMBED_SWIFT_STANDARD_LIBRARIES = YES;
				CODE_SIGN_STYLE = Automatic;
				CURRENT_PROJECT_VERSION = 1;
				DEVELOPMENT_TEAM = 4YSH9CUM84;
				GENERATE_INFOPLIST_FILE = YES;
				MACOSX_DEPLOYMENT_TARGET = 15.6;
				MARKETING_VERSION = 1.0;
				PRODUCT_BUNDLE_IDENTIFIER = com.harmonicsense.SessionTraceViewerUITests;
				PRODUCT_NAME = "$(TARGET_NAME)";
				SWIFT_EMIT_LOC_STRINGS = NO;
				SWIFT_VERSION = 5.0;
				TEST_TARGET_NAME = SessionTraceViewer;
			};
			name = Release;
		};
/* End XCBuildConfiguration section */

/* Begin XCConfigurationList section */
		09B2DD3029B8FEDE00C831B2 /* Build configuration list for PBXProject "SessionTraceViewer" */ = {
			isa = XCConfigurationList;
			buildConfigurations = (
				09B2DD5829B8FEDF00C831B2 /* Debug */,
				09B2DD5929B8FEDF00C831B2 /* Release */,
			);
			defaultConfigurationIsVisible = 0;
			defaultConfigurationName = Release;
		};
		09B2DD5A29B8FEDF00C831B2 /* Build configuration list for PBXNativeTarget "SessionTraceViewer" */ = {
			isa = XCConfigurationList;
			buildConfigurations = (
				09B2DD5B29B8FEDF00C831B2 /* Debug */,
				09B2DD5C29B8FEDF00C831B2 /* Release */,
			);
			defaultConfigurationIsVisible = 0;
			defaultConfigurationName = Release;
		};
		09B2DD5D29B8FEDF00C831B2 /* Build configuration list for PBXNativeTarget "SessionTraceViewerTests" */ = {
			isa = XCConfigurationList;
			buildConfigurations = (
				09B2DD5E29B8FEDF00C831B2 /* Debug */,
				09B2DD5F29B8FEDF00C831B2 /* Release */,
			);
			defaultConfigurationIsVisible = 0;
			defaultConfigurationName = Release;
		};
		09B2DD6029B8FEDF00C831B2 /* Build configuration list for PBXNativeTarget "SessionTraceViewerUITests" */ = {
			isa = XCConfigurationList;
			buildConfigurations = (
				09B2DD6129B8FEDF00C831B2 /* Debug */,
				09B2DD6229B8FEDF00C831B2 /* Release */,
			);
			defaultConfigurationIsVisible = 0;
			defaultConfigurationName = Release;
		};
/* End XCConfigurationList section */

/* Begin XCRemoteSwiftPackageReference section */
		09B2DD6329B8FF4400C831B2 /* XCRemoteSwiftPackageReference "ReducerArchitecture" */ = {
			isa = XCRemoteSwiftPackageReference;
			repositoryURL = "https://github.com/ilyathewhite/ReducerArchitecture.git";
			requirement = {
				kind = upToNextMajorVersion;
				minimumVersion = 1.4.9;
			};
		};
		09F0A00E2A00000E00C831B2 /* XCRemoteSwiftPackageReference "SwiftUIEx" */ = {
			isa = XCRemoteSwiftPackageReference;
			repositoryURL = "https://github.com/ilyathewhite/SwiftUIEx.git";
			requirement = {
				kind = upToNextMajorVersion;
				minimumVersion = 1.0.7;
			};
		};
/* End XCRemoteSwiftPackageReference section */

/* Begin XCSwiftPackageProductDependency section */
		09B2DD6429B8FF4400C831B2 /* ReducerArchitecture */ = {
			isa = XCSwiftPackageProductDependency;
			package = 09B2DD6329B8FF4400C831B2 /* XCRemoteSwiftPackageReference "ReducerArchitecture" */;
			productName = ReducerArchitecture;
		};
		09F0A00D2A00000D00C831B2 /* SwiftUIEx */ = {
			isa = XCSwiftPackageProductDependency;
			package = 09F0A00E2A00000E00C831B2 /* XCRemoteSwiftPackageReference "SwiftUIEx" */;
			productName = SwiftUIEx;
		};
/* End XCSwiftPackageProductDependency section */
	};
	rootObject = 09B2DD2D29B8FEDE00C831B2 /* Project object */;
}
