{
  "originHash" : "29885d1f988c1154362d5ec4605e92e8b76c4dd6fd0082e99a1f920554dabb61",
  "pins" : [
    {
      "identity" : "asyncnavigation",
      "kind" : "remoteSourceControl",
      "location" : "https://github.com/ilyathewhite/AsyncNavigation",
      "state" : {
        "revision" : "3126daa6de143d25fbdf02c154ad8034e4760417",
        "version" : "1.0.12"
      }
    },
    {
      "identity" : "combineex",
      "kind" : "remoteSourceControl",
      "location" : "https://github.com/ilyathewhite/CombineEx.git",
      "state" : {
        "revision" : "d117d63f25f3438295313348cf14e20165467c8f",
        "version" : "1.0.5"
      }
    },
    {
      "identity" : "foundationex",
      "kind" : "remoteSourceControl",
      "location" : "https://github.com/ilyathewhite/FoundationEx.git",
      "state" : {
        "revision" : "9bd512e635ca36401fade05ce47a203f7edddb1d",
        "version" : "1.0.14"
      }
    },
    {
      "identity" : "graphstorage",
      "kind" : "remoteSourceControl",
      "location" : "https://github.com/ilyathewhite/GraphStorage.git",
      "state" : {
        "revision" : "90c21624bf4e68b88723ce49dcebda3f93be9924",
        "version" : "1.0.0"
      }
    },
    {
      "identity" : "hammer",
      "kind" : "remoteSourceControl",
      "location" : "https://github.com/lyft/Hammer.git",
      "state" : {
        "revision" : "90af16da2d2756d2d297c005486b88b3e9971803",
        "version" : "0.18.0"
      }
    },
    {
      "identity" : "reducerarchitecture",
      "kind" : "remoteSourceControl",
      "location" : "https://github.com/ilyathewhite/ReducerArchitecture.git",
      "state" : {
        "branch" : "main",
        "revision" : "8b2eee6fbc1c467bec63f6ac797a557b287789f2"
      }
    },
    {
      "identity" : "swift-tagged",
      "kind" : "remoteSourceControl",
      "location" : "https://github.com/pointfreeco/swift-tagged.git",
      "state" : {
        "revision" : "3907a9438f5b57d317001dc99f3f11b46882272b",
        "version" : "0.10.0"
      }
    },
    {
      "identity" : "swiftuiex",
      "kind" : "remoteSourceControl",
      "location" : "https://github.com/ilyathewhite/SwiftUIEx.git",
      "state" : {
        "revision" : "1e05dc49552f97a9767332e66c0b24d15a29f43a",
        "version" : "1.0.8"
      }
    }
  ],
  "version" : 3
}
